
Microsoft Visual Studio Solution File, Format Version 12.00
# Visual Studio Version 17
VisualStudioVersion = 17.9.34728.123
MinimumVisualStudioVersion = 10.0.40219.1
Project("{9A19103F-16F7-4668-BE54-9A1E7A4F7556}") = "ComputerStoreApp", "ComputerStoreApp\ComputerStoreApp.csproj", "{96274766-EBF2-40C4-9307-B6C34306EFA4}"
EndProject
Global
	GlobalSection(SolutionConfigurationPlatforms) = preSolution
		Debug|Any CPU = Debug|Any CPU
		Release|Any CPU = Release|Any CPU
	EndGlobalSection
	GlobalSection(ProjectConfigurationPlatforms) = postSolution
		{96274766-EBF2-40C4-9307-B6C34306EFA4}.Debug|Any CPU.ActiveCfg = Debug|Any CPU
		{96274766-EBF2-40C4-9307-B6C34306EFA4}.Debug|Any CPU.Build.0 = Debug|Any CPU
		{96274766-EBF2-40C4-9307-B6C34306EFA4}.Release|Any CPU.ActiveCfg = Release|Any CPU
		{96274766-EBF2-40C4-9307-B6C34306EFA4}.Release|Any CPU.Build.0 = Release|Any CPU
	EndGlobalSection
	GlobalSection(SolutionProperties) = preSolution
		HideSolutionNode = FALSE
	EndGlobalSection
	GlobalSection(ExtensibilityGlobals) = postSolution
		SolutionGuid = {391EC371-31C0-402F-9CFD-A3EF4F774938}
	EndGlobalSection
EndGlobal
